
Microsoft Visual Studio Solution File, Format Version 12.00
# Visual Studio Version 16
VisualStudioVersion = 16.0.30503.244
MinimumVisualStudioVersion = 10.0.40219.1
Project("{FAE04EC0-301F-11D3-BF4B-00C04F79EFBC}") = "TestTask", "TestTask\TestTask.csproj", "{6687C963-F3C9-45D5-9AC3-6A8AC8BE8AEF}"
EndProject
Project("{FAE04EC0-301F-11D3-BF4B-00C04F79EFBC}") = "TestTask.Data", "TestTask.Data\TestTask.Data.csproj", "{0A9F6650-00BE-4F53-87ED-45556A4821A8}"
EndProject
Project("{FAE04EC0-301F-11D3-BF4B-00C04F79EFBC}") = "TestTask.Domain", "TestTask.Domain\TestTask.Domain.csproj", "{282A2444-DE11-4264-A82D-408729927FCD}"
EndProject
Global
	GlobalSection(SolutionConfigurationPlatforms) = preSolution
		Debug|Any CPU = Debug|Any CPU
		Release|Any CPU = Release|Any CPU
	EndGlobalSection
	GlobalSection(ProjectConfigurationPlatforms) = postSolution
		{6687C963-F3C9-45D5-9AC3-6A8AC8BE8AEF}.Debug|Any CPU.ActiveCfg = Debug|Any CPU
		{6687C963-F3C9-45D5-9AC3-6A8AC8BE8AEF}.Debug|Any CPU.Build.0 = Debug|Any CPU
		{6687C963-F3C9-45D5-9AC3-6A8AC8BE8AEF}.Release|Any CPU.ActiveCfg = Release|Any CPU
		{6687C963-F3C9-45D5-9AC3-6A8AC8BE8AEF}.Release|Any CPU.Build.0 = Release|Any CPU
		{0A9F6650-00BE-4F53-87ED-45556A4821A8}.Debug|Any CPU.ActiveCfg = Debug|Any CPU
		{0A9F6650-00BE-4F53-87ED-45556A4821A8}.Debug|Any CPU.Build.0 = Debug|Any CPU
		{0A9F6650-00BE-4F53-87ED-45556A4821A8}.Release|Any CPU.ActiveCfg = Release|Any CPU
		{0A9F6650-00BE-4F53-87ED-45556A4821A8}.Release|Any CPU.Build.0 = Release|Any CPU
		{282A2444-DE11-4264-A82D-408729927FCD}.Debug|Any CPU.ActiveCfg = Debug|Any CPU
		{282A2444-DE11-4264-A82D-408729927FCD}.Debug|Any CPU.Build.0 = Debug|Any CPU
		{282A2444-DE11-4264-A82D-408729927FCD}.Release|Any CPU.ActiveCfg = Release|Any CPU
		{282A2444-DE11-4264-A82D-408729927FCD}.Release|Any CPU.Build.0 = Release|Any CPU
	EndGlobalSection
	GlobalSection(SolutionProperties) = preSolution
		HideSolutionNode = FALSE
	EndGlobalSection
	GlobalSection(ExtensibilityGlobals) = postSolution
		SolutionGuid = {83D6329F-60D8-4785-B7AE-824F3E965844}
	EndGlobalSection
EndGlobal
